// !$*UTF8*$!
{
	archiveVersion = 1;
	classes = {
	};
	objectVersion = 77;
	objects = {

/* Begin PBXBuildFile section */
		0C7149492F6F566600FDE01D /* MLXVLM in Frameworks */ = {isa = PBXBuildFile; productRef = 0C7149482F6F566600FDE01D /* MLXVLM */; };
		0C71494B2F6F5CA000FDE01D /* MLXVLM in Frameworks */ = {isa = PBXBuildFile; productRef = 0C71494A2F6F5CA000FDE01D /* MLXVLM */; };
		0C7646612F02D6300065F576 /* Ring.framework in Frameworks */ = {isa = PBXBuildFile; fileRef = 0C76465B2F02D6300065F576 /* Ring.framework */; };
		0C7646622F02D6300065F576 /* Ring.framework in Embed Frameworks */ = {isa = PBXBuildFile; fileRef = 0C76465B2F02D6300065F576 /* Ring.framework */; settings = {ATTRIBUTES = (CodeSignOnCopy, RemoveHeadersOnCopy, ); }; };
		0C76466D2F02D6820065F576 /* MLX in Frameworks */ = {isa = PBXBuildFile; productRef = 0C76466C2F02D6820065F576 /* MLX */; };
		0C76466F2F02D6820065F576 /* MLXNN in Frameworks */ = {isa = PBXBuildFile; productRef = 0C76466E2F02D6820065F576 /* MLXNN */; };
		0C7646712F02D6820065F576 /* MLXLLM in Frameworks */ = {isa = PBXBuildFile; productRef = 0C7646702F02D6820065F576 /* MLXLLM */; };
		0C7646732F02D6820065F576 /* MLXLMCommon in Frameworks */ = {isa = PBXBuildFile; productRef = 0C7646722F02D6820065F576 /* MLXLMCommon */; };
		0C7646752F02D6A60065F576 /* MLX in Frameworks */ = {isa = PBXBuildFile; productRef = 0C7646742F02D6A60065F576 /* MLX */; };
		0C7646772F02D6A60065F576 /* MLXNN in Frameworks */ = {isa = PBXBuildFile; productRef = 0C7646762F02D6A60065F576 /* MLXNN */; };
		0C7646792F02D6A60065F576 /* MLXLLM in Frameworks */ = {isa = PBXBuildFile; productRef = 0C7646782F02D6A60065F576 /* MLXLLM */; };
		0C76467B2F02D6A60065F576 /* MLXLMCommon in Frameworks */ = {isa = PBXBuildFile; productRef = 0C76467A2F02D6A60065F576 /* MLXLMCommon */; };
		0C8802E12F04A2FF006AF043 /* AsyncHTTPClient in Frameworks */ = {isa = PBXBuildFile; productRef = 0C8802E02F04A2FF006AF043 /* AsyncHTTPClient */; };
		0CA7FA222F2A9E7B00569C3E /* Textual in Frameworks */ = {isa = PBXBuildFile; productRef = 0CA7FA212F2A9E7B00569C3E /* Textual */; };
/* End PBXBuildFile section */

/* Begin PBXContainerItemProxy section */
		0C76465F2F02D6300065F576 /* PBXContainerItemProxy */ = {
			isa = PBXContainerItemProxy;
			containerPortal = 0C7646402F02D2FD0065F576 /* Project object */;
			proxyType = 1;
			remoteGlobalIDString = 0C76465A2F02D6300065F576;
			remoteInfo = Ring;
		};
/* End PBXContainerItemProxy section */

/* Begin PBXCopyFilesBuildPhase section */
		0C7646662F02D6300065F576 /* Embed Frameworks */ = {
			isa = PBXCopyFilesBuildPhase;
			buildActionMask = 2147483647;
			dstPath = "";
			dstSubfolderSpec = 10;
			files = (
			);
			name = "Embed Frameworks";
			runOnlyForDeploymentPostprocessing = 0;
		};
/* End PBXCopyFilesBuildPhase section */

/* Begin PBXFileReference section */
		0C7379B42F052E06001EEFB6 /* Infer-Ring-Info.plist */ = {isa = PBXFileReference; lastKnownFileType = text.plist; path = "Infer-Ring-Info.plist"; sourceTree = "<group>"; };
		0C7646482F02D2FD0065F576 /* Infer Ring.app */ = {isa = PBXFileReference; explicitFileType = wrapper.application; includeInIndex = 0; path = "Infer Ring.app"; sourceTree = BUILT_PRODUCTS_DIR; };
		0C76465B2F02D6300065F576 /* Ring.framework */ = {isa = PBXFileReference; explicitFileType = wrapper.framework; includeInIndex = 0; path = Ring.framework; sourceTree = BUILT_PRODUCTS_DIR; };
		0C8C6F682F0EAF37000C3AF0 /* Infer Ring.entitlements */ = {isa = PBXFileReference; lastKnownFileType = text.plist.entitlements; path = "Infer Ring.entitlements"; sourceTree = "<group>"; };
/* End PBXFileReference section */

/* Begin PBXFileSystemSynchronizedRootGroup section */
		0C76464A2F02D2FD0065F576 /* InferRing */ = {
			isa = PBXFileSystemSynchronizedRootGroup;
			path = InferRing;
			sourceTree = "<group>";
		};
		0C76465C2F02D6300065F576 /* Ring */ = {
			isa = PBXFileSystemSynchronizedRootGroup;
			path = Ring;
			sourceTree = "<group>";
		};
/* End PBXFileSystemSynchronizedRootGroup section */

/* Begin PBXFrameworksBuildPhase section */
		0C7646452F02D2FD0065F576 /* Frameworks */ = {
			isa = PBXFrameworksBuildPhase;
			buildActionMask = 2147483647;
			files = (
				0C76467B2F02D6A60065F576 /* MLXLMCommon in Frameworks */,
				0C7646792F02D6A60065F576 /* MLXLLM in Frameworks */,
				0C8802E12F04A2FF006AF043 /* AsyncHTTPClient in Frameworks */,
				0C7646772F02D6A60065F576 /* MLXNN in Frameworks */,
				0C7646752F02D6A60065F576 /* MLX in Frameworks */,
				0CA7FA222F2A9E7B00569C3E /* Textual in Frameworks */,
				0C7149492F6F566600FDE01D /* MLXVLM in Frameworks */,
				0C7646612F02D6300065F576 /* Ring.framework in Frameworks */,
			);
			runOnlyForDeploymentPostprocessing = 0;
		};
		0C7646582F02D6300065F576 /* Frameworks */ = {
			isa = PBXFrameworksBuildPhase;
			buildActionMask = 2147483647;
			files = (
				0C71494B2F6F5CA000FDE01D /* MLXVLM in Frameworks */,
				0C7646712F02D6820065F576 /* MLXLLM in Frameworks */,
				0C76466F2F02D6820065F576 /* MLXNN in Frameworks */,
				0C7646732F02D6820065F576 /* MLXLMCommon in Frameworks */,
				0C76466D2F02D6820065F576 /* MLX in Frameworks */,
			);
			runOnlyForDeploymentPostprocessing = 0;
		};
/* End PBXFrameworksBuildPhase section */

/* Begin PBXGroup section */
		0C76463F2F02D2FD0065F576 = {
			isa = PBXGroup;
			children = (
				0C8C6F682F0EAF37000C3AF0 /* Infer Ring.entitlements */,
				0C7379B42F052E06001EEFB6 /* Infer-Ring-Info.plist */,
				0C76464A2F02D2FD0065F576 /* InferRing */,
				0C76465C2F02D6300065F576 /* Ring */,
				0C76466B2F02D6820065F576 /* Frameworks */,
				0C7646492F02D2FD0065F576 /* Products */,
			);
			sourceTree = "<group>";
		};
		0C7646492F02D2FD0065F576 /* Products */ = {
			isa = PBXGroup;
			children = (
				0C7646482F02D2FD0065F576 /* Infer Ring.app */,
				0C76465B2F02D6300065F576 /* Ring.framework */,
			);
			name = Products;
			sourceTree = "<group>";
		};
		0C76466B2F02D6820065F576 /* Frameworks */ = {
			isa = PBXGroup;
			children = (
			);
			name = Frameworks;
			sourceTree = "<group>";
		};
/* End PBXGroup section */

/* Begin PBXHeadersBuildPhase section */
		0C7646562F02D6300065F576 /* Headers */ = {
			isa = PBXHeadersBuildPhase;
			buildActionMask = 2147483647;
			files = (
			);
			runOnlyForDeploymentPostprocessing = 0;
		};
/* End PBXHeadersBuildPhase section */

/* Begin PBXNativeTarget section */
		0C7646472F02D2FD0065F576 /* Infer Ring */ = {
			isa = PBXNativeTarget;
			buildConfigurationList = 0C7646532F02D2FF0065F576 /* Build configuration list for PBXNativeTarget "Infer Ring" */;
			buildPhases = (
				0C7646442F02D2FD0065F576 /* Sources */,
				0C7646452F02D2FD0065F576 /* Frameworks */,
				0C7646462F02D2FD0065F576 /* Resources */,
				0C7646662F02D6300065F576 /* Embed Frameworks */,
			);
			buildRules = (
			);
			dependencies = (
				0C7646602F02D6300065F576 /* PBXTargetDependency */,
			);
			fileSystemSynchronizedGroups = (
				0C76464A2F02D2FD0065F576 /* InferRing */,
			);
			name = "Infer Ring";
			packageProductDependencies = (
				0C7646742F02D6A60065F576 /* MLX */,
				0C7646762F02D6A60065F576 /* MLXNN */,
				0C7646782F02D6A60065F576 /* MLXLLM */,
				0C76467A2F02D6A60065F576 /* MLXLMCommon */,
				0C8802E02F04A2FF006AF043 /* AsyncHTTPClient */,
				0CA7FA212F2A9E7B00569C3E /* Textual */,
				0C7149482F6F566600FDE01D /* MLXVLM */,
			);
			productName = "Infer Ring";
			productReference = 0C7646482F02D2FD0065F576 /* Infer Ring.app */;
			productType = "com.apple.product-type.application";
		};
		0C76465A2F02D6300065F576 /* Ring */ = {
			isa = PBXNativeTarget;
			buildConfigurationList = 0C7646632F02D6300065F576 /* Build configuration list for PBXNativeTarget "Ring" */;
			buildPhases = (
				0C7646562F02D6300065F576 /* Headers */,
				0C7646572F02D6300065F576 /* Sources */,
				0C7646582F02D6300065F576 /* Frameworks */,
				0C7646592F02D6300065F576 /* Resources */,
			);
			buildRules = (
			);
			dependencies = (
			);
			fileSystemSynchronizedGroups = (
				0C76465C2F02D6300065F576 /* Ring */,
			);
			name = Ring;
			packageProductDependencies = (
				0C76466C2F02D6820065F576 /* MLX */,
				0C76466E2F02D6820065F576 /* MLXNN */,
				0C7646702F02D6820065F576 /* MLXLLM */,
				0C7646722F02D6820065F576 /* MLXLMCommon */,
				0C71494A2F6F5CA000FDE01D /* MLXVLM */,
			);
			productName = Ring;
			productReference = 0C76465B2F02D6300065F576 /* Ring.framework */;
			productType = "com.apple.product-type.framework";
		};
/* End PBXNativeTarget section */

/* Begin PBXProject section */
		0C7646402F02D2FD0065F576 /* Project object */ = {
			isa = PBXProject;
			attributes = {
				BuildIndependentTargetsInParallel = 1;
				LastSwiftUpdateCheck = 2620;
				LastUpgradeCheck = 2620;
				TargetAttributes = {
					0C7646472F02D2FD0065F576 = {
						CreatedOnToolsVersion = 26.2;
					};
					0C76465A2F02D6300065F576 = {
						CreatedOnToolsVersion = 26.2;
					};
				};
			};
			buildConfigurationList = 0C7646432F02D2FD0065F576 /* Build configuration list for PBXProject "Infer Ring" */;
			developmentRegion = en;
			hasScannedForEncodings = 0;
			knownRegions = (
				en,
				Base,
			);
			mainGroup = 0C76463F2F02D2FD0065F576;
			minimizedProjectReferenceProxies = 1;
			packageReferences = (
				0C8802DF2F04A2FE006AF043 /* XCRemoteSwiftPackageReference "async-http-client" */,
				0C7DE5E12F22B5CD00EC1E4E /* XCRemoteSwiftPackageReference "mlx-swift" */,
				0C7DE5E22F22B5DF00EC1E4E /* XCRemoteSwiftPackageReference "mlx-swift-lm" */,
				0CA7FA202F2A9E7B00569C3E /* XCRemoteSwiftPackageReference "textual" */,
			);
			preferredProjectObjectVersion = 77;
			productRefGroup = 0C7646492F02D2FD0065F576 /* Products */;
			projectDirPath = "";
			projectRoot = "";
			targets = (
				0C7646472F02D2FD0065F576 /* Infer Ring */,
				0C76465A2F02D6300065F576 /* Ring */,
			);
		};
/* End PBXProject section */

/* Begin PBXResourcesBuildPhase section */
		0C7646462F02D2FD0065F576 /* Resources */ = {
			isa = PBXResourcesBuildPhase;
			buildActionMask = 2147483647;
			files = (
			);
			runOnlyForDeploymentPostprocessing = 0;
		};
		0C7646592F02D6300065F576 /* Resources */ = {
			isa = PBXResourcesBuildPhase;
			buildActionMask = 2147483647;
			files = (
			);
			runOnlyForDeploymentPostprocessing = 0;
		};
/* End PBXResourcesBuildPhase section */

/* Begin PBXSourcesBuildPhase section */
		0C7646442F02D2FD0065F576 /* Sources */ = {
			isa = PBXSourcesBuildPhase;
			buildActionMask = 2147483647;
			files = (
			);
			runOnlyForDeploymentPostprocessing = 0;
		};
		0C7646572F02D6300065F576 /* Sources */ = {
			isa = PBXSourcesBuildPhase;
			buildActionMask = 2147483647;
			files = (
			);
			runOnlyForDeploymentPostprocessing = 0;
		};
/* End PBXSourcesBuildPhase section */

/* Begin PBXTargetDependency section */
		0C7646602F02D6300065F576 /* PBXTargetDependency */ = {
			isa = PBXTargetDependency;
			target = 0C76465A2F02D6300065F576 /* Ring */;
			targetProxy = 0C76465F2F02D6300065F576 /* PBXContainerItemProxy */;
		};
/* End PBXTargetDependency section */

/* Begin XCBuildConfiguration section */
		0C7646512F02D2FF0065F576 /* Debug */ = {
			isa = XCBuildConfiguration;
			buildSettings = {
				ALWAYS_SEARCH_USER_PATHS = NO;
				ASSETCATALOG_COMPILER_GENERATE_SWIFT_ASSET_SYMBOL_EXTENSIONS = YES;
				CLANG_ANALYZER_NONNULL = YES;
				CLANG_ANALYZER_NUMBER_OBJECT_CONVERSION = YES_AGGRESSIVE;
				CLANG_CXX_LANGUAGE_STANDARD = "gnu++20";
				CLANG_ENABLE_MODULES = YES;
				CLANG_ENABLE_OBJC_ARC = YES;
				CLANG_ENABLE_OBJC_WEAK = YES;
				CLANG_WARN_BLOCK_CAPTURE_AUTORELEASING = YES;
				CLANG_WARN_BOOL_CONVERSION = YES;
				CLANG_WARN_COMMA = YES;
				CLANG_WARN_CONSTANT_CONVERSION = YES;
				CLANG_WARN_DEPRECATED_OBJC_IMPLEMENTATIONS = YES;
				CLANG_WARN_DIRECT_OBJC_ISA_USAGE = YES_ERROR;
				CLANG_WARN_DOCUMENTATION_COMMENTS = YES;
				CLANG_WARN_EMPTY_BODY = YES;
				CLANG_WARN_ENUM_CONVERSION = YES;
				CLANG_WARN_INFINITE_RECURSION = YES;
				CLANG_WARN_INT_CONVERSION = YES;
				CLANG_WARN_NON_LITERAL_NULL_CONVERSION = YES;
				CLANG_WARN_OBJC_IMPLICIT_RETAIN_SELF = YES;
				CLANG_WARN_OBJC_LITERAL_CONVERSION = YES;
				CLANG_WARN_OBJC_ROOT_CLASS = YES_ERROR;
				CLANG_WARN_QUOTED_INCLUDE_IN_FRAMEWORK_HEADER = YES;
				CLANG_WARN_RANGE_LOOP_ANALYSIS = YES;
				CLANG_WARN_STRICT_PROTOTYPES = YES;
				CLANG_WARN_SUSPICIOUS_MOVE = YES;
				CLANG_WARN_UNGUARDED_AVAILABILITY = YES_AGGRESSIVE;
				CLANG_WARN_UNREACHABLE_CODE = YES;
				CLANG_WARN__DUPLICATE_METHOD_MATCH = YES;
				COPY_PHASE_STRIP = NO;
				DEAD_CODE_STRIPPING = YES;
				DEBUG_INFORMATION_FORMAT = dwarf;
				DEVELOPMENT_TEAM = 669J55BPZE;
				ENABLE_STRICT_OBJC_MSGSEND = YES;
				ENABLE_TESTABILITY = YES;
				ENABLE_USER_SCRIPT_SANDBOXING = YES;
				GCC_C_LANGUAGE_STANDARD = gnu17;
				GCC_DYNAMIC_NO_PIC = NO;
				GCC_NO_COMMON_BLOCKS = YES;
				GCC_OPTIMIZATION_LEVEL = 0;
				GCC_PREPROCESSOR_DEFINITIONS = (
					"DEBUG=1",
					"$(inherited)",
				);
				GCC_WARN_64_TO_32_BIT_CONVERSION = YES;
				GCC_WARN_ABOUT_RETURN_TYPE = YES_ERROR;
				GCC_WARN_UNDECLARED_SELECTOR = YES;
				GCC_WARN_UNINITIALIZED_AUTOS = YES_AGGRESSIVE;
				GCC_WARN_UNUSED_FUNCTION = YES;
				GCC_WARN_UNUSED_VARIABLE = YES;
				LOCALIZATION_PREFERS_STRING_CATALOGS = YES;
				MTL_ENABLE_DEBUG_INFO = INCLUDE_SOURCE;
				MTL_FAST_MATH = YES;
				ONLY_ACTIVE_ARCH = YES;
				STRING_CATALOG_GENERATE_SYMBOLS = YES;
				SWIFT_ACTIVE_COMPILATION_CONDITIONS = "DEBUG $(inherited)";
				SWIFT_OPTIMIZATION_LEVEL = "-Onone";
			};
			name = Debug;
		};
		0C7646522F02D2FF0065F576 /* Release */ = {
			isa = XCBuildConfiguration;
			buildSettings = {
				ALWAYS_SEARCH_USER_PATHS = NO;
				ASSETCATALOG_COMPILER_GENERATE_SWIFT_ASSET_SYMBOL_EXTENSIONS = YES;
				CLANG_ANALYZER_NONNULL = YES;
				CLANG_ANALYZER_NUMBER_OBJECT_CONVERSION = YES_AGGRESSIVE;
				CLANG_CXX_LANGUAGE_STANDARD = "gnu++20";
				CLANG_ENABLE_MODULES = YES;
				CLANG_ENABLE_OBJC_ARC = YES;
				CLANG_ENABLE_OBJC_WEAK = YES;
				CLANG_WARN_BLOCK_CAPTURE_AUTORELEASING = YES;
				CLANG_WARN_BOOL_CONVERSION = YES;
				CLANG_WARN_COMMA = YES;
				CLANG_WARN_CONSTANT_CONVERSION = YES;
				CLANG_WARN_DEPRECATED_OBJC_IMPLEMENTATIONS = YES;
				CLANG_WARN_DIRECT_OBJC_ISA_USAGE = YES_ERROR;
				CLANG_WARN_DOCUMENTATION_COMMENTS = YES;
				CLANG_WARN_EMPTY_BODY = YES;
				CLANG_WARN_ENUM_CONVERSION = YES;
				CLANG_WARN_INFINITE_RECURSION = YES;
				CLANG_WARN_INT_CONVERSION = YES;
				CLANG_WARN_NON_LITERAL_NULL_CONVERSION = YES;
				CLANG_WARN_OBJC_IMPLICIT_RETAIN_SELF = YES;
				CLANG_WARN_OBJC_LITERAL_CONVERSION = YES;
				CLANG_WARN_OBJC_ROOT_CLASS = YES_ERROR;
				CLANG_WARN_QUOTED_INCLUDE_IN_FRAMEWORK_HEADER = YES;
				CLANG_WARN_RANGE_LOOP_ANALYSIS = YES;
				CLANG_WARN_STRICT_PROTOTYPES = YES;
				CLANG_WARN_SUSPICIOUS_MOVE = YES;
				CLANG_WARN_UNGUARDED_AVAILABILITY = YES_AGGRESSIVE;
				CLANG_WARN_UNREACHABLE_CODE = YES;
				CLANG_WARN__DUPLICATE_METHOD_MATCH = YES;
				COPY_PHASE_STRIP = NO;
				DEAD_CODE_STRIPPING = YES;
				DEBUG_INFORMATION_FORMAT = "dwarf-with-dsym";
				DEVELOPMENT_TEAM = 669J55BPZE;
				ENABLE_NS_ASSERTIONS = NO;
				ENABLE_STRICT_OBJC_MSGSEND = YES;
				ENABLE_USER_SCRIPT_SANDBOXING = YES;
				GCC_C_LANGUAGE_STANDARD = gnu17;
				GCC_NO_COMMON_BLOCKS = YES;
				GCC_WARN_64_TO_32_BIT_CONVERSION = YES;
				GCC_WARN_ABOUT_RETURN_TYPE = YES_ERROR;
				GCC_WARN_UNDECLARED_SELECTOR = YES;
				GCC_WARN_UNINITIALIZED_AUTOS = YES_AGGRESSIVE;
				GCC_WARN_UNUSED_FUNCTION = YES;
				GCC_WARN_UNUSED_VARIABLE = YES;
				LOCALIZATION_PREFERS_STRING_CATALOGS = YES;
				MTL_ENABLE_DEBUG_INFO = NO;
				MTL_FAST_MATH = YES;
				STRING_CATALOG_GENERATE_SYMBOLS = YES;
				SWIFT_COMPILATION_MODE = wholemodule;
			};
			name = Release;
		};
		0C7646542F02D2FF0065F576 /* Debug */ = {
			isa = XCBuildConfiguration;
			buildSettings = {
				ASSETCATALOG_COMPILER_APPICON_NAME = AppIcon;
				ASSETCATALOG_COMPILER_GLOBAL_ACCENT_COLOR_NAME = AccentColor;
				CODE_SIGN_ENTITLEMENTS = "Infer Ring.entitlements";
				CODE_SIGN_STYLE = Automatic;
				CURRENT_PROJECT_VERSION = 8;
				DEAD_CODE_STRIPPING = YES;
				DEVELOPMENT_TEAM = ZYW296BUC8;
				ENABLE_APP_SANDBOX = YES;
				ENABLE_DEBUG_DYLIB = NO;
				ENABLE_FILE_ACCESS_DOWNLOADS_FOLDER = readwrite;
				ENABLE_HARDENED_RUNTIME = YES;
				ENABLE_INCOMING_NETWORK_CONNECTIONS = YES;
				ENABLE_OUTGOING_NETWORK_CONNECTIONS = YES;
				ENABLE_PREVIEWS = YES;
				ENABLE_RESOURCE_ACCESS_AUDIO_INPUT = NO;
				ENABLE_RESOURCE_ACCESS_BLUETOOTH = NO;
				ENABLE_RESOURCE_ACCESS_CALENDARS = NO;
				ENABLE_RESOURCE_ACCESS_CAMERA = NO;
				ENABLE_RESOURCE_ACCESS_CONTACTS = NO;
				ENABLE_RESOURCE_ACCESS_LOCATION = NO;
				ENABLE_RESOURCE_ACCESS_PRINTING = NO;
				ENABLE_RESOURCE_ACCESS_USB = YES;
				ENABLE_USER_SELECTED_FILES = readwrite;
				GENERATE_INFOPLIST_FILE = YES;
				INFOPLIST_FILE = "Infer-Ring-Info.plist";
				INFOPLIST_KEY_ITSAppUsesNonExemptEncryption = NO;
				INFOPLIST_KEY_LSApplicationCategoryType = "public.app-category.developer-tools";
				INFOPLIST_KEY_NSDocumentsFolderUsageDescription = "App needs access to model files";
				INFOPLIST_KEY_NSDownloadsFolderUsageDescription = "App needs access to model files";
				INFOPLIST_KEY_NSLocalNetworkUsageDescription = "In order to search and connect other ring members";
				"INFOPLIST_KEY_UIApplicationSceneManifest_Generation[sdk=iphoneos*]" = YES;
				"INFOPLIST_KEY_UIApplicationSceneManifest_Generation[sdk=iphonesimulator*]" = YES;
				"INFOPLIST_KEY_UIApplicationSupportsIndirectInputEvents[sdk=iphoneos*]" = YES;
				"INFOPLIST_KEY_UIApplicationSupportsIndirectInputEvents[sdk=iphonesimulator*]" = YES;
				"INFOPLIST_KEY_UILaunchScreen_Generation[sdk=iphoneos*]" = YES;
				"INFOPLIST_KEY_UILaunchScreen_Generation[sdk=iphonesimulator*]" = YES;
				"INFOPLIST_KEY_UIStatusBarStyle[sdk=iphoneos*]" = UIStatusBarStyleDefault;
				"INFOPLIST_KEY_UIStatusBarStyle[sdk=iphonesimulator*]" = UIStatusBarStyleDefault;
				INFOPLIST_KEY_UISupportedInterfaceOrientations = "UIInterfaceOrientationPortrait UIInterfaceOrientationPortraitUpsideDown";
				INFOPLIST_KEY_UISupportedInterfaceOrientations_iPad = "UIInterfaceOrientationLandscapeLeft UIInterfaceOrientationLandscapeRight UIInterfaceOrientationPortrait UIInterfaceOrientationPortraitUpsideDown";
				IPHONEOS_DEPLOYMENT_TARGET = 26.0;
				LD_RUNPATH_SEARCH_PATHS = "@executable_path/Frameworks";
				"LD_RUNPATH_SEARCH_PATHS[sdk=macosx*]" = "@executable_path/../Frameworks";
				MACOSX_DEPLOYMENT_TARGET = 26.0;
				MARKETING_VERSION = 0.3.0;
				PRODUCT_BUNDLE_IDENTIFIER = com.mateoltd.InferRingFlight;
				PRODUCT_NAME = "$(TARGET_NAME)";
				REGISTER_APP_GROUPS = YES;
				SDKROOT = auto;
				STRING_CATALOG_GENERATE_SYMBOLS = YES;
				SUPPORTED_PLATFORMS = "iphoneos iphonesimulator macosx";
				SUPPORTS_MACCATALYST = NO;
				SWIFT_APPROACHABLE_CONCURRENCY = YES;
				SWIFT_DEFAULT_ACTOR_ISOLATION = nonisolated;
				SWIFT_EMIT_LOC_STRINGS = YES;
				SWIFT_UPCOMING_FEATURE_MEMBER_IMPORT_VISIBILITY = YES;
				SWIFT_VERSION = 5.0;
				TARGETED_DEVICE_FAMILY = "1,2";
				XROS_DEPLOYMENT_TARGET = 26.2;
			};
			name = Debug;
		};
		0C7646552F02D2FF0065F576 /* Release */ = {
			isa = XCBuildConfiguration;
			buildSettings = {
				ASSETCATALOG_COMPILER_APPICON_NAME = AppIcon;
				ASSETCATALOG_COMPILER_GLOBAL_ACCENT_COLOR_NAME = AccentColor;
				CODE_SIGN_ENTITLEMENTS = "Infer Ring.entitlements";
				CODE_SIGN_STYLE = Automatic;
				CURRENT_PROJECT_VERSION = 8;
				DEAD_CODE_STRIPPING = YES;
				DEVELOPMENT_TEAM = ZYW296BUC8;
				ENABLE_APP_SANDBOX = YES;
				ENABLE_FILE_ACCESS_DOWNLOADS_FOLDER = readwrite;
				ENABLE_HARDENED_RUNTIME = YES;
				ENABLE_INCOMING_NETWORK_CONNECTIONS = YES;
				ENABLE_OUTGOING_NETWORK_CONNECTIONS = YES;
				ENABLE_PREVIEWS = YES;
				ENABLE_RESOURCE_ACCESS_AUDIO_INPUT = NO;
				ENABLE_RESOURCE_ACCESS_BLUETOOTH = NO;
				ENABLE_RESOURCE_ACCESS_CALENDARS = NO;
				ENABLE_RESOURCE_ACCESS_CAMERA = NO;
				ENABLE_RESOURCE_ACCESS_CONTACTS = NO;
				ENABLE_RESOURCE_ACCESS_LOCATION = NO;
				ENABLE_RESOURCE_ACCESS_PRINTING = NO;
				ENABLE_RESOURCE_ACCESS_USB = YES;
				ENABLE_USER_SELECTED_FILES = readwrite;
				GENERATE_INFOPLIST_FILE = YES;
				INFOPLIST_FILE = "Infer-Ring-Info.plist";
				INFOPLIST_KEY_ITSAppUsesNonExemptEncryption = NO;
				INFOPLIST_KEY_LSApplicationCategoryType = "public.app-category.developer-tools";
				INFOPLIST_KEY_NSDocumentsFolderUsageDescription = "App needs access to model files";
				INFOPLIST_KEY_NSDownloadsFolderUsageDescription = "App needs access to model files";
				INFOPLIST_KEY_NSLocalNetworkUsageDescription = "In order to search and connect other ring members";
				"INFOPLIST_KEY_UIApplicationSceneManifest_Generation[sdk=iphoneos*]" = YES;
				"INFOPLIST_KEY_UIApplicationSceneManifest_Generation[sdk=iphonesimulator*]" = YES;
				"INFOPLIST_KEY_UIApplicationSupportsIndirectInputEvents[sdk=iphoneos*]" = YES;
				"INFOPLIST_KEY_UIApplicationSupportsIndirectInputEvents[sdk=iphonesimulator*]" = YES;
				"INFOPLIST_KEY_UILaunchScreen_Generation[sdk=iphoneos*]" = YES;
				"INFOPLIST_KEY_UILaunchScreen_Generation[sdk=iphonesimulator*]" = YES;
				"INFOPLIST_KEY_UIStatusBarStyle[sdk=iphoneos*]" = UIStatusBarStyleDefault;
				"INFOPLIST_KEY_UIStatusBarStyle[sdk=iphonesimulator*]" = UIStatusBarStyleDefault;
				INFOPLIST_KEY_UISupportedInterfaceOrientations = "UIInterfaceOrientationPortrait UIInterfaceOrientationPortraitUpsideDown";
				INFOPLIST_KEY_UISupportedInterfaceOrientations_iPad = "UIInterfaceOrientationLandscapeLeft UIInterfaceOrientationLandscapeRight UIInterfaceOrientationPortrait UIInterfaceOrientationPortraitUpsideDown";
				IPHONEOS_DEPLOYMENT_TARGET = 26.0;
				LD_RUNPATH_SEARCH_PATHS = "@executable_path/Frameworks";
				"LD_RUNPATH_SEARCH_PATHS[sdk=macosx*]" = "@executable_path/../Frameworks";
				MACOSX_DEPLOYMENT_TARGET = 26.0;
				MARKETING_VERSION = 0.3.0;
				PRODUCT_BUNDLE_IDENTIFIER = com.mateoltd.InferRingFlight;
				PRODUCT_NAME = "$(TARGET_NAME)";
				REGISTER_APP_GROUPS = YES;
				SDKROOT = auto;
				STRING_CATALOG_GENERATE_SYMBOLS = YES;
				SUPPORTED_PLATFORMS = "iphoneos iphonesimulator macosx";
				SUPPORTS_MACCATALYST = NO;
				SWIFT_APPROACHABLE_CONCURRENCY = YES;
				SWIFT_DEFAULT_ACTOR_ISOLATION = nonisolated;
				SWIFT_EMIT_LOC_STRINGS = YES;
				SWIFT_UPCOMING_FEATURE_MEMBER_IMPORT_VISIBILITY = YES;
				SWIFT_VERSION = 5.0;
				TARGETED_DEVICE_FAMILY = "1,2";
				XROS_DEPLOYMENT_TARGET = 26.2;
			};
			name = Release;
		};
		0C7646642F02D6300065F576 /* Debug */ = {
			isa = XCBuildConfiguration;
			buildSettings = {
				ALLOW_TARGET_PLATFORM_SPECIALIZATION = YES;
				CODE_SIGN_IDENTITY = "";
				CODE_SIGN_STYLE = Automatic;
				CURRENT_PROJECT_VERSION = 1;
				DEAD_CODE_STRIPPING = YES;
				DEVELOPMENT_TEAM = 669J55BPZE;
				DYLIB_COMPATIBILITY_VERSION = 1;
				DYLIB_CURRENT_VERSION = 1;
				DYLIB_INSTALL_NAME_BASE = "@rpath";
				ENABLE_MODULE_VERIFIER = YES;
				GENERATE_INFOPLIST_FILE = YES;
				INFOPLIST_KEY_NSHumanReadableCopyright = "";
				INSTALL_PATH = "$(LOCAL_LIBRARY_DIR)/Frameworks";
				IPHONEOS_DEPLOYMENT_TARGET = 26.0;
				LD_RUNPATH_SEARCH_PATHS = (
					"@executable_path/Frameworks",
					"@loader_path/Frameworks",
				);
				"LD_RUNPATH_SEARCH_PATHS[sdk=macosx*]" = (
					"@executable_path/../Frameworks",
					"@loader_path/Frameworks",
				);
				MACOSX_DEPLOYMENT_TARGET = 26.0;
				MACH_O_TYPE = staticlib;
				MARKETING_VERSION = 1.0;
				MODULE_VERIFIER_SUPPORTED_LANGUAGES = "objective-c objective-c++";
				MODULE_VERIFIER_SUPPORTED_LANGUAGE_STANDARDS = "gnu17 gnu++20";
				PRODUCT_BUNDLE_IDENTIFIER = com.mateoltd.InferRingFlight.Ring;
				PRODUCT_NAME = "$(TARGET_NAME:c99extidentifier)";
				SDKROOT = auto;
				SKIP_INSTALL = YES;
				STRING_CATALOG_GENERATE_SYMBOLS = YES;
				SUPPORTED_PLATFORMS = "iphoneos iphonesimulator macosx";
				SUPPORTS_MACCATALYST = NO;
				SWIFT_APPROACHABLE_CONCURRENCY = YES;
				SWIFT_EMIT_LOC_STRINGS = YES;
				SWIFT_INSTALL_MODULE = YES;
				SWIFT_INSTALL_OBJC_HEADER = NO;
				SWIFT_UPCOMING_FEATURE_MEMBER_IMPORT_VISIBILITY = YES;
				SWIFT_VERSION = 6.0;
				TARGETED_DEVICE_FAMILY = "1,2";
				VERSIONING_SYSTEM = "apple-generic";
				VERSION_INFO_PREFIX = "";
				XROS_DEPLOYMENT_TARGET = 26.2;
			};
			name = Debug;
		};
		0C7646652F02D6300065F576 /* Release */ = {
			isa = XCBuildConfiguration;
			buildSettings = {
				ALLOW_TARGET_PLATFORM_SPECIALIZATION = YES;
				CODE_SIGN_IDENTITY = "";
				CODE_SIGN_STYLE = Automatic;
				CURRENT_PROJECT_VERSION = 1;
				DEAD_CODE_STRIPPING = YES;
				DEVELOPMENT_TEAM = 669J55BPZE;
				DYLIB_COMPATIBILITY_VERSION = 1;
				DYLIB_CURRENT_VERSION = 1;
				DYLIB_INSTALL_NAME_BASE = "@rpath";
				ENABLE_MODULE_VERIFIER = YES;
				GENERATE_INFOPLIST_FILE = YES;
				INFOPLIST_KEY_NSHumanReadableCopyright = "";
				INSTALL_PATH = "$(LOCAL_LIBRARY_DIR)/Frameworks";
				IPHONEOS_DEPLOYMENT_TARGET = 26.0;
				LD_RUNPATH_SEARCH_PATHS = (
					"@executable_path/Frameworks",
					"@loader_path/Frameworks",
				);
				"LD_RUNPATH_SEARCH_PATHS[sdk=macosx*]" = (
					"@executable_path/../Frameworks",
					"@loader_path/Frameworks",
				);
				MACOSX_DEPLOYMENT_TARGET = 26.0;
				MACH_O_TYPE = staticlib;
				MARKETING_VERSION = 1.0;
				MODULE_VERIFIER_SUPPORTED_LANGUAGES = "objective-c objective-c++";
				MODULE_VERIFIER_SUPPORTED_LANGUAGE_STANDARDS = "gnu17 gnu++20";
				PRODUCT_BUNDLE_IDENTIFIER = com.mateoltd.InferRingFlight.Ring;
				PRODUCT_NAME = "$(TARGET_NAME:c99extidentifier)";
				SDKROOT = auto;
				SKIP_INSTALL = YES;
				STRING_CATALOG_GENERATE_SYMBOLS = YES;
				SUPPORTED_PLATFORMS = "iphoneos iphonesimulator macosx";
				SUPPORTS_MACCATALYST = NO;
				SWIFT_APPROACHABLE_CONCURRENCY = YES;
				SWIFT_EMIT_LOC_STRINGS = YES;
				SWIFT_INSTALL_MODULE = YES;
				SWIFT_INSTALL_OBJC_HEADER = NO;
				SWIFT_UPCOMING_FEATURE_MEMBER_IMPORT_VISIBILITY = YES;
				SWIFT_VERSION = 6.0;
				TARGETED_DEVICE_FAMILY = "1,2";
				VERSIONING_SYSTEM = "apple-generic";
				VERSION_INFO_PREFIX = "";
				XROS_DEPLOYMENT_TARGET = 26.2;
			};
			name = Release;
		};
/* End XCBuildConfiguration section */

/* Begin XCConfigurationList section */
		0C7646432F02D2FD0065F576 /* Build configuration list for PBXProject "Infer Ring" */ = {
			isa = XCConfigurationList;
			buildConfigurations = (
				0C7646512F02D2FF0065F576 /* Debug */,
				0C7646522F02D2FF0065F576 /* Release */,
			);
			defaultConfigurationIsVisible = 0;
			defaultConfigurationName = Release;
		};
		0C7646532F02D2FF0065F576 /* Build configuration list for PBXNativeTarget "Infer Ring" */ = {
			isa = XCConfigurationList;
			buildConfigurations = (
				0C7646542F02D2FF0065F576 /* Debug */,
				0C7646552F02D2FF0065F576 /* Release */,
			);
			defaultConfigurationIsVisible = 0;
			defaultConfigurationName = Release;
		};
		0C7646632F02D6300065F576 /* Build configuration list for PBXNativeTarget "Ring" */ = {
			isa = XCConfigurationList;
			buildConfigurations = (
				0C7646642F02D6300065F576 /* Debug */,
				0C7646652F02D6300065F576 /* Release */,
			);
			defaultConfigurationIsVisible = 0;
			defaultConfigurationName = Release;
		};
/* End XCConfigurationList section */

/* Begin XCRemoteSwiftPackageReference section */
		0C7DE5E12F22B5CD00EC1E4E /* XCRemoteSwiftPackageReference "mlx-swift" */ = {
			isa = XCRemoteSwiftPackageReference;
			repositoryURL = "https://github.com/mateoltd/mlx-swift";
			requirement = {
				branch = "perf/qwen35-flight-v2";
				kind = branch;
			};
		};
		0C7DE5E22F22B5DF00EC1E4E /* XCRemoteSwiftPackageReference "mlx-swift-lm" */ = {
			isa = XCRemoteSwiftPackageReference;
			repositoryURL = "https://github.com/mateoltd/mlx-swift-lm";
			requirement = {
				branch = "perf/qwen35-flight-v2";
				kind = branch;
			};
		};
		0C8802DF2F04A2FE006AF043 /* XCRemoteSwiftPackageReference "async-http-client" */ = {
			isa = XCRemoteSwiftPackageReference;
			repositoryURL = "https://github.com/swift-server/async-http-client";
			requirement = {
				kind = upToNextMajorVersion;
				minimumVersion = 1.30.2;
			};
		};
		0CA7FA202F2A9E7B00569C3E /* XCRemoteSwiftPackageReference "textual" */ = {
			isa = XCRemoteSwiftPackageReference;
			repositoryURL = "https://github.com/gonzalezreal/textual";
			requirement = {
				kind = upToNextMajorVersion;
				minimumVersion = 0.3.1;
			};
		};
/* End XCRemoteSwiftPackageReference section */

/* Begin XCSwiftPackageProductDependency section */
		0C7149482F6F566600FDE01D /* MLXVLM */ = {
			isa = XCSwiftPackageProductDependency;
			productName = MLXVLM;
		};
		0C71494A2F6F5CA000FDE01D /* MLXVLM */ = {
			isa = XCSwiftPackageProductDependency;
			productName = MLXVLM;
		};
		0C76466C2F02D6820065F576 /* MLX */ = {
			isa = XCSwiftPackageProductDependency;
			productName = MLX;
		};
		0C76466E2F02D6820065F576 /* MLXNN */ = {
			isa = XCSwiftPackageProductDependency;
			productName = MLXNN;
		};
		0C7646702F02D6820065F576 /* MLXLLM */ = {
			isa = XCSwiftPackageProductDependency;
			productName = MLXLLM;
		};
		0C7646722F02D6820065F576 /* MLXLMCommon */ = {
			isa = XCSwiftPackageProductDependency;
			productName = MLXLMCommon;
		};
		0C7646742F02D6A60065F576 /* MLX */ = {
			isa = XCSwiftPackageProductDependency;
			productName = MLX;
		};
		0C7646762F02D6A60065F576 /* MLXNN */ = {
			isa = XCSwiftPackageProductDependency;
			productName = MLXNN;
		};
		0C7646782F02D6A60065F576 /* MLXLLM */ = {
			isa = XCSwiftPackageProductDependency;
			productName = MLXLLM;
		};
		0C76467A2F02D6A60065F576 /* MLXLMCommon */ = {
			isa = XCSwiftPackageProductDependency;
			productName = MLXLMCommon;
		};
		0C8802E02F04A2FF006AF043 /* AsyncHTTPClient */ = {
			isa = XCSwiftPackageProductDependency;
			package = 0C8802DF2F04A2FE006AF043 /* XCRemoteSwiftPackageReference "async-http-client" */;
			productName = AsyncHTTPClient;
		};
		0CA7FA212F2A9E7B00569C3E /* Textual */ = {
			isa = XCSwiftPackageProductDependency;
			package = 0CA7FA202F2A9E7B00569C3E /* XCRemoteSwiftPackageReference "textual" */;
			productName = Textual;
		};
/* End XCSwiftPackageProductDependency section */
	};
	rootObject = 0C7646402F02D2FD0065F576 /* Project object */;
}
